{
  "version": 4,
  "terraform_version": "0.12.24",
  "serial": 5,
  "lineage": "e6f382ff-fc1b-f4b4-19ed-7bb57fc367a8",
  "outputs": {},
  "resources": [
    {
      "mode": "managed",
      "type": "simplivity_vm_backup",
      "name": "example_vm_backup",
      "provider": "provider.simplivity",
      "instances": [
        {
          "schema_version": 0,
          "attributes": {
            "app_consistent": false,
            "consistency_type": "NONE",
            "id": "test_1_backup",
            "name": "test_1_backup",
            "omnistack_cluster_name": "RemoteCluster",
            "retention": 0,
            "vm_name": "test_1"
          },
          "private": "bnVsbA=="
        }
      ]
    }
  ]
}
